{
  "name": "react-native-options-button",
  "version": "0.3.0",
  "lockfileVersion": 1,
  "dependencies": {
    "@types/prop-types": {
      "version": "15.5.1",
      "resolved": "https://registry.npmjs.org/@types/prop-types/-/prop-types-15.5.1.tgz",
      "integrity": "sha1-Hs9SYhKZ5luFU3Qzf7Ef0tEGb8E="
    }
  }
}
